
Microsoft Visual Studio Solution File, Format Version 12.00
# Visual Studio 15
VisualStudioVersion = 15.0.28010.2046
MinimumVisualStudioVersion = 10.0.40219.1
Project("{FAE04EC0-301F-11D3-BF4B-00C04F79EFBC}") = "TodoApi", "TodoApi\TodoApi.csproj", "{49936785-56B9-4AA0-9AF8-0EF74C277A2A}"
EndProject
Global
	GlobalSection(SolutionConfigurationPlatforms) = preSolution
		Debug|Any CPU = Debug|Any CPU
		Release|Any CPU = Release|Any CPU
	EndGlobalSection
	GlobalSection(ProjectConfigurationPlatforms) = postSolution
		{49936785-56B9-4AA0-9AF8-0EF74C277A2A}.Debug|Any CPU.ActiveCfg = Debug|Any CPU
		{49936785-56B9-4AA0-9AF8-0EF74C277A2A}.Debug|Any CPU.Build.0 = Debug|Any CPU
		{49936785-56B9-4AA0-9AF8-0EF74C277A2A}.Release|Any CPU.ActiveCfg = Release|Any CPU
		{49936785-56B9-4AA0-9AF8-0EF74C277A2A}.Release|Any CPU.Build.0 = Release|Any CPU
	EndGlobalSection
	GlobalSection(SolutionProperties) = preSolution
		HideSolutionNode = FALSE
	EndGlobalSection
	GlobalSection(ExtensibilityGlobals) = postSolution
		SolutionGuid = {FC03E2FD-6B7F-4ABD-BC1E-FF81F683CD8B}
	EndGlobalSection
EndGlobal
